
Microsoft Visual Studio Solution File, Format Version 12.00
# Visual Studio Version 17
VisualStudioVersion = 17.6.33723.286
MinimumVisualStudioVersion = 10.0.40219.1
Project("{FAE04EC0-301F-11D3-BF4B-00C04F79EFBC}") = "Task-5.5", "Task-5.5.1\Task-5.5.csproj", "{1A9CE0D2-5E02-405A-8B80-DAFDB7268525}"
EndProject
Global
	GlobalSection(SolutionConfigurationPlatforms) = preSolution
		Debug|Any CPU = Debug|Any CPU
		Release|Any CPU = Release|Any CPU
	EndGlobalSection
	GlobalSection(ProjectConfigurationPlatforms) = postSolution
		{1A9CE0D2-5E02-405A-8B80-DAFDB7268525}.Debug|Any CPU.ActiveCfg = Debug|Any CPU
		{1A9CE0D2-5E02-405A-8B80-DAFDB7268525}.Debug|Any CPU.Build.0 = Debug|Any CPU
		{1A9CE0D2-5E02-405A-8B80-DAFDB7268525}.Release|Any CPU.ActiveCfg = Release|Any CPU
		{1A9CE0D2-5E02-405A-8B80-DAFDB7268525}.Release|Any CPU.Build.0 = Release|Any CPU
	EndGlobalSection
	GlobalSection(SolutionProperties) = preSolution
		HideSolutionNode = FALSE
	EndGlobalSection
	GlobalSection(ExtensibilityGlobals) = postSolution
		SolutionGuid = {0EC11935-9A28-4C38-B38D-1C0E4685D371}
	EndGlobalSection
EndGlobal
