
Microsoft Visual Studio Solution File, Format Version 12.00
# Visual Studio Version 17
VisualStudioVersion = 17.6.33723.286
MinimumVisualStudioVersion = 10.0.40219.1
Project("{FAE04EC0-301F-11D3-BF4B-00C04F79EFBC}") = "Task-3.10.5", "Task-3.10.5\Task-3.10.5.csproj", "{1A1D5645-F1D3-4859-BD67-B3B3EA204154}"
EndProject
Global
	GlobalSection(SolutionConfigurationPlatforms) = preSolution
		Debug|Any CPU = Debug|Any CPU
		Release|Any CPU = Release|Any CPU
	EndGlobalSection
	GlobalSection(ProjectConfigurationPlatforms) = postSolution
		{1A1D5645-F1D3-4859-BD67-B3B3EA204154}.Debug|Any CPU.ActiveCfg = Debug|Any CPU
		{1A1D5645-F1D3-4859-BD67-B3B3EA204154}.Debug|Any CPU.Build.0 = Debug|Any CPU
		{1A1D5645-F1D3-4859-BD67-B3B3EA204154}.Release|Any CPU.ActiveCfg = Release|Any CPU
		{1A1D5645-F1D3-4859-BD67-B3B3EA204154}.Release|Any CPU.Build.0 = Release|Any CPU
	EndGlobalSection
	GlobalSection(SolutionProperties) = preSolution
		HideSolutionNode = FALSE
	EndGlobalSection
	GlobalSection(ExtensibilityGlobals) = postSolution
		SolutionGuid = {C94F75AF-10BC-4B47-8D6E-8481B0216FEC}
	EndGlobalSection
EndGlobal
