
Microsoft Visual Studio Solution File, Format Version 12.00
# Visual Studio Version 17
VisualStudioVersion = 17.6.33723.286
MinimumVisualStudioVersion = 10.0.40219.1
Project("{FAE04EC0-301F-11D3-BF4B-00C04F79EFBC}") = "Task-8.6.4", "Task-8.6.4\Task-8.6.4.csproj", "{3EBDF4C9-7CDD-4086-9BAE-A7C9883D6FD5}"
EndProject
Global
	GlobalSection(SolutionConfigurationPlatforms) = preSolution
		Debug|Any CPU = Debug|Any CPU
		Release|Any CPU = Release|Any CPU
	EndGlobalSection
	GlobalSection(ProjectConfigurationPlatforms) = postSolution
		{3EBDF4C9-7CDD-4086-9BAE-A7C9883D6FD5}.Debug|Any CPU.ActiveCfg = Debug|Any CPU
		{3EBDF4C9-7CDD-4086-9BAE-A7C9883D6FD5}.Debug|Any CPU.Build.0 = Debug|Any CPU
		{3EBDF4C9-7CDD-4086-9BAE-A7C9883D6FD5}.Release|Any CPU.ActiveCfg = Release|Any CPU
		{3EBDF4C9-7CDD-4086-9BAE-A7C9883D6FD5}.Release|Any CPU.Build.0 = Release|Any CPU
	EndGlobalSection
	GlobalSection(SolutionProperties) = preSolution
		HideSolutionNode = FALSE
	EndGlobalSection
	GlobalSection(ExtensibilityGlobals) = postSolution
		SolutionGuid = {CB7F209D-7074-4D30-A741-E81D7A090C81}
	EndGlobalSection
EndGlobal
